
Microsoft Visual Studio Solution File, Format Version 12.00
# Visual Studio Version 16
VisualStudioVersion = 16.0.31613.86
MinimumVisualStudioVersion = 10.0.40219.1
Project("{FAE04EC0-301F-11D3-BF4B-00C04F79EFBC}") = "MVVM.Android", "MVVM\MVVM.Android\MVVM.Android.csproj", "{C590DF6F-9FB9-4064-AE71-1F14F7833788}"
EndProject
Project("{FAE04EC0-301F-11D3-BF4B-00C04F79EFBC}") = "MVVM.iOS", "MVVM\MVVM.iOS\MVVM.iOS.csproj", "{8F24C17D-F45E-4B69-8CC9-AD1166B5A0C4}"
EndProject
Project("{FAE04EC0-301F-11D3-BF4B-00C04F79EFBC}") = "MVVM", "MVVM\MVVM\MVVM.csproj", "{96CA4730-A4AD-4165-BE31-6F572CCCB4BF}"
EndProject
Global
	GlobalSection(SolutionConfigurationPlatforms) = preSolution
		Debug|Any CPU = Debug|Any CPU
		Debug|iPhone = Debug|iPhone
		Debug|iPhoneSimulator = Debug|iPhoneSimulator
		Release|Any CPU = Release|Any CPU
		Release|iPhone = Release|iPhone
		Release|iPhoneSimulator = Release|iPhoneSimulator
	EndGlobalSection
	GlobalSection(ProjectConfigurationPlatforms) = postSolution
		{C590DF6F-9FB9-4064-AE71-1F14F7833788}.Debug|Any CPU.ActiveCfg = Debug|Any CPU
		{C590DF6F-9FB9-4064-AE71-1F14F7833788}.Debug|Any CPU.Build.0 = Debug|Any CPU
		{C590DF6F-9FB9-4064-AE71-1F14F7833788}.Debug|Any CPU.Deploy.0 = Debug|Any CPU
		{C590DF6F-9FB9-4064-AE71-1F14F7833788}.Debug|iPhone.ActiveCfg = Debug|Any CPU
		{C590DF6F-9FB9-4064-AE71-1F14F7833788}.Debug|iPhone.Build.0 = Debug|Any CPU
		{C590DF6F-9FB9-4064-AE71-1F14F7833788}.Debug|iPhone.Deploy.0 = Debug|Any CPU
		{C590DF6F-9FB9-4064-AE71-1F14F7833788}.Debug|iPhoneSimulator.ActiveCfg = Debug|Any CPU
		{C590DF6F-9FB9-4064-AE71-1F14F7833788}.Debug|iPhoneSimulator.Build.0 = Debug|Any CPU
		{C590DF6F-9FB9-4064-AE71-1F14F7833788}.Debug|iPhoneSimulator.Deploy.0 = Debug|Any CPU
		{C590DF6F-9FB9-4064-AE71-1F14F7833788}.Release|Any CPU.ActiveCfg = Release|Any CPU
		{C590DF6F-9FB9-4064-AE71-1F14F7833788}.Release|Any CPU.Build.0 = Release|Any CPU
		{C590DF6F-9FB9-4064-AE71-1F14F7833788}.Release|Any CPU.Deploy.0 = Release|Any CPU
		{C590DF6F-9FB9-4064-AE71-1F14F7833788}.Release|iPhone.ActiveCfg = Release|Any CPU
		{C590DF6F-9FB9-4064-AE71-1F14F7833788}.Release|iPhone.Build.0 = Release|Any CPU
		{C590DF6F-9FB9-4064-AE71-1F14F7833788}.Release|iPhone.Deploy.0 = Release|Any CPU
		{C590DF6F-9FB9-4064-AE71-1F14F7833788}.Release|iPhoneSimulator.ActiveCfg = Release|Any CPU
		{C590DF6F-9FB9-4064-AE71-1F14F7833788}.Release|iPhoneSimulator.Build.0 = Release|Any CPU
		{C590DF6F-9FB9-4064-AE71-1F14F7833788}.Release|iPhoneSimulator.Deploy.0 = Release|Any CPU
		{8F24C17D-F45E-4B69-8CC9-AD1166B5A0C4}.Debug|Any CPU.ActiveCfg = Debug|iPhone
		{8F24C17D-F45E-4B69-8CC9-AD1166B5A0C4}.Debug|Any CPU.Build.0 = Debug|iPhone
		{8F24C17D-F45E-4B69-8CC9-AD1166B5A0C4}.Debug|Any CPU.Deploy.0 = Debug|iPhone
		{8F24C17D-F45E-4B69-8CC9-AD1166B5A0C4}.Debug|iPhone.ActiveCfg = Debug|iPhone
		{8F24C17D-F45E-4B69-8CC9-AD1166B5A0C4}.Debug|iPhone.Build.0 = Debug|iPhone
		{8F24C17D-F45E-4B69-8CC9-AD1166B5A0C4}.Debug|iPhone.Deploy.0 = Debug|iPhone
		{8F24C17D-F45E-4B69-8CC9-AD1166B5A0C4}.Debug|iPhoneSimulator.ActiveCfg = Debug|iPhoneSimulator
		{8F24C17D-F45E-4B69-8CC9-AD1166B5A0C4}.Debug|iPhoneSimulator.Build.0 = Debug|iPhoneSimulator
		{8F24C17D-F45E-4B69-8CC9-AD1166B5A0C4}.Debug|iPhoneSimulator.Deploy.0 = Debug|iPhoneSimulator
		{8F24C17D-F45E-4B69-8CC9-AD1166B5A0C4}.Release|Any CPU.ActiveCfg = Release|iPhoneSimulator
		{8F24C17D-F45E-4B69-8CC9-AD1166B5A0C4}.Release|Any CPU.Build.0 = Release|iPhoneSimulator
		{8F24C17D-F45E-4B69-8CC9-AD1166B5A0C4}.Release|Any CPU.Deploy.0 = Release|iPhoneSimulator
		{8F24C17D-F45E-4B69-8CC9-AD1166B5A0C4}.Release|iPhone.ActiveCfg = Release|iPhone
		{8F24C17D-F45E-4B69-8CC9-AD1166B5A0C4}.Release|iPhone.Build.0 = Release|iPhone
		{8F24C17D-F45E-4B69-8CC9-AD1166B5A0C4}.Release|iPhone.Deploy.0 = Release|iPhone
		{8F24C17D-F45E-4B69-8CC9-AD1166B5A0C4}.Release|iPhoneSimulator.ActiveCfg = Release|iPhoneSimulator
		{8F24C17D-F45E-4B69-8CC9-AD1166B5A0C4}.Release|iPhoneSimulator.Build.0 = Release|iPhoneSimulator
		{8F24C17D-F45E-4B69-8CC9-AD1166B5A0C4}.Release|iPhoneSimulator.Deploy.0 = Release|iPhoneSimulator
		{96CA4730-A4AD-4165-BE31-6F572CCCB4BF}.Debug|Any CPU.ActiveCfg = Debug|Any CPU
		{96CA4730-A4AD-4165-BE31-6F572CCCB4BF}.Debug|Any CPU.Build.0 = Debug|Any CPU
		{96CA4730-A4AD-4165-BE31-6F572CCCB4BF}.Debug|Any CPU.Deploy.0 = Debug|Any CPU
		{96CA4730-A4AD-4165-BE31-6F572CCCB4BF}.Debug|iPhone.ActiveCfg = Debug|Any CPU
		{96CA4730-A4AD-4165-BE31-6F572CCCB4BF}.Debug|iPhone.Build.0 = Debug|Any CPU
		{96CA4730-A4AD-4165-BE31-6F572CCCB4BF}.Debug|iPhone.Deploy.0 = Debug|Any CPU
		{96CA4730-A4AD-4165-BE31-6F572CCCB4BF}.Debug|iPhoneSimulator.ActiveCfg = Debug|Any CPU
		{96CA4730-A4AD-4165-BE31-6F572CCCB4BF}.Debug|iPhoneSimulator.Build.0 = Debug|Any CPU
		{96CA4730-A4AD-4165-BE31-6F572CCCB4BF}.Debug|iPhoneSimulator.Deploy.0 = Debug|Any CPU
		{96CA4730-A4AD-4165-BE31-6F572CCCB4BF}.Release|Any CPU.ActiveCfg = Release|Any CPU
		{96CA4730-A4AD-4165-BE31-6F572CCCB4BF}.Release|Any CPU.Build.0 = Release|Any CPU
		{96CA4730-A4AD-4165-BE31-6F572CCCB4BF}.Release|Any CPU.Deploy.0 = Release|Any CPU
		{96CA4730-A4AD-4165-BE31-6F572CCCB4BF}.Release|iPhone.ActiveCfg = Release|Any CPU
		{96CA4730-A4AD-4165-BE31-6F572CCCB4BF}.Release|iPhone.Build.0 = Release|Any CPU
		{96CA4730-A4AD-4165-BE31-6F572CCCB4BF}.Release|iPhone.Deploy.0 = Release|Any CPU
		{96CA4730-A4AD-4165-BE31-6F572CCCB4BF}.Release|iPhoneSimulator.ActiveCfg = Release|Any CPU
		{96CA4730-A4AD-4165-BE31-6F572CCCB4BF}.Release|iPhoneSimulator.Build.0 = Release|Any CPU
		{96CA4730-A4AD-4165-BE31-6F572CCCB4BF}.Release|iPhoneSimulator.Deploy.0 = Release|Any CPU
	EndGlobalSection
	GlobalSection(SolutionProperties) = preSolution
		HideSolutionNode = FALSE
	EndGlobalSection
	GlobalSection(ExtensibilityGlobals) = postSolution
		SolutionGuid = {B4AE67E3-0BEA-411D-B57A-DF6D32E60CC6}
	EndGlobalSection
EndGlobal
